
Microsoft Visual Studio Solution File, Format Version 12.00
# Visual Studio Version 17
VisualStudioVersion = 17.7.34031.279
MinimumVisualStudioVersion = 10.0.40219.1
Project("{F2A71F9B-5D33-465A-A702-920D77279786}") = "Sorts_FSharp", "Sorts_FSharp.fsproj", "{A46FB772-3313-48DC-9EDF-D483992ADF58}"
EndProject
Global
	GlobalSection(SolutionConfigurationPlatforms) = preSolution
		Debug|Any CPU = Debug|Any CPU
		Release|Any CPU = Release|Any CPU
	EndGlobalSection
	GlobalSection(ProjectConfigurationPlatforms) = postSolution
		{A46FB772-3313-48DC-9EDF-D483992ADF58}.Debug|Any CPU.ActiveCfg = Debug|Any CPU
		{A46FB772-3313-48DC-9EDF-D483992ADF58}.Debug|Any CPU.Build.0 = Debug|Any CPU
		{A46FB772-3313-48DC-9EDF-D483992ADF58}.Release|Any CPU.ActiveCfg = Release|Any CPU
		{A46FB772-3313-48DC-9EDF-D483992ADF58}.Release|Any CPU.Build.0 = Release|Any CPU
	EndGlobalSection
	GlobalSection(SolutionProperties) = preSolution
		HideSolutionNode = FALSE
	EndGlobalSection
	GlobalSection(ExtensibilityGlobals) = postSolution
		SolutionGuid = {58C1B70A-FCD5-4186-9C3E-801899FD034B}
	EndGlobalSection
EndGlobal
